
Microsoft Visual Studio Solution File, Format Version 12.00
# Visual Studio 15
VisualStudioVersion = 15.0.27703.2047
MinimumVisualStudioVersion = 10.0.40219.1
Project("{8BC9CEB8-8B4A-11D0-8D11-00A0C91BC942}") = "WindowsProject1", "WindowsProject1\WindowsProject1.vcxproj", "{8925A06F-3A44-433A-B122-B3C0B1679896}"
EndProject
Global
	GlobalSection(SolutionConfigurationPlatforms) = preSolution
		Debug|x64 = Debug|x64
		Debug|x86 = Debug|x86
		Release|x64 = Release|x64
		Release|x86 = Release|x86
	EndGlobalSection
	GlobalSection(ProjectConfigurationPlatforms) = postSolution
		{8925A06F-3A44-433A-B122-B3C0B1679896}.Debug|x64.ActiveCfg = Debug|x64
		{8925A06F-3A44-433A-B122-B3C0B1679896}.Debug|x64.Build.0 = Debug|x64
		{8925A06F-3A44-433A-B122-B3C0B1679896}.Debug|x86.ActiveCfg = Debug|Win32
		{8925A06F-3A44-433A-B122-B3C0B1679896}.Debug|x86.Build.0 = Debug|Win32
		{8925A06F-3A44-433A-B122-B3C0B1679896}.Release|x64.ActiveCfg = Release|x64
		{8925A06F-3A44-433A-B122-B3C0B1679896}.Release|x64.Build.0 = Release|x64
		{8925A06F-3A44-433A-B122-B3C0B1679896}.Release|x86.ActiveCfg = Release|Win32
		{8925A06F-3A44-433A-B122-B3C0B1679896}.Release|x86.Build.0 = Release|Win32
	EndGlobalSection
	GlobalSection(SolutionProperties) = preSolution
		HideSolutionNode = FALSE
	EndGlobalSection
	GlobalSection(ExtensibilityGlobals) = postSolution
		SolutionGuid = {A029A76A-7951-42AD-BF0B-2FDA89D07826}
	EndGlobalSection
EndGlobal
